// !$*UTF8*$!
{
	archiveVersion = 1;
	classes = {
	};
	objectVersion = 52;
	objects = {

/* Begin PBXBuildFile section */
		9B16391923837B0E0049445B /* AppDelegate.swift in Sources */ = {isa = PBXBuildFile; fileRef = 9B16391823837B0E0049445B /* AppDelegate.swift */; };
		9B16391B23837B0E0049445B /* SceneDelegate.swift in Sources */ = {isa = PBXBuildFile; fileRef = 9B16391A23837B0E0049445B /* SceneDelegate.swift */; };
		9B16391D23837B0E0049445B /* ViewController.swift in Sources */ = {isa = PBXBuildFile; fileRef = 9B16391C23837B0E0049445B /* ViewController.swift */; };
		9B16392023837B0E0049445B /* Main.storyboard in Resources */ = {isa = PBXBuildFile; fileRef = 9B16391E23837B0E0049445B /* Main.storyboard */; };
		9B16392223837B0F0049445B /* Assets.xcassets in Resources */ = {isa = PBXBuildFile; fileRef = 9B16392123837B0F0049445B /* Assets.xcassets */; };
		9B16392523837B0F0049445B /* LaunchScreen.storyboard in Resources */ = {isa = PBXBuildFile; fileRef = 9B16392323837B0F0049445B /* LaunchScreen.storyboard */; };
		9B16392E23837E850049445B /* BuildFile in Frameworks */ = {isa = PBXBuildFile; productRef = 9B16392D23837E850049445B /* SwiftPackageProductDependency */; };
		9B16393123837FC00049445B /* Accelerate.framework in Frameworks */ = {isa = PBXBuildFile; fileRef = 9B16393023837FC00049445B /* Accelerate.framework */; };
		9B1639332383873B0049445B /* LoginViewController.swift in Sources */ = {isa = PBXBuildFile; fileRef = 9B1639322383873B0049445B /* LoginViewController.swift */; };
		E47F200DDA007438F93F7898 /* Pods_Demo3.framework in Frameworks */ = {isa = PBXBuildFile; fileRef = C2000D4573C27248F310359C /* Pods_Demo3.framework */; };
/* End PBXBuildFile section */

/* Begin PBXFileReference section */
		8B482E37ABB0D0353C695DE6 /* Pods-Demo3.debug.xcconfig */ = {isa = PBXFileReference; includeInIndex = 1; lastKnownFileType = text.xcconfig; name = "Pods-Demo3.debug.xcconfig"; path = "Target Support Files/Pods-Demo3/Pods-Demo3.debug.xcconfig"; sourceTree = "<group>"; };
		9B16391523837B0E0049445B /* Demo3.app */ = {isa = PBXFileReference; explicitFileType = wrapper.application; includeInIndex = 0; path = Demo3.app; sourceTree = BUILT_PRODUCTS_DIR; };
		9B16391823837B0E0049445B /* AppDelegate.swift */ = {isa = PBXFileReference; lastKnownFileType = sourcecode.swift; path = AppDelegate.swift; sourceTree = "<group>"; };
		9B16391A23837B0E0049445B /* SceneDelegate.swift */ = {isa = PBXFileReference; lastKnownFileType = sourcecode.swift; path = SceneDelegate.swift; sourceTree = "<group>"; };
		9B16391C23837B0E0049445B /* ViewController.swift */ = {isa = PBXFileReference; lastKnownFileType = sourcecode.swift; path = ViewController.swift; sourceTree = "<group>"; };
		9B16391F23837B0E0049445B /* Base */ = {isa = PBXFileReference; lastKnownFileType = file.storyboard; name = Base; path = Base.lproj/Main.storyboard; sourceTree = "<group>"; };
		9B16392123837B0F0049445B /* Assets.xcassets */ = {isa = PBXFileReference; lastKnownFileType = folder.assetcatalog; path = Assets.xcassets; sourceTree = "<group>"; };
		9B16392423837B0F0049445B /* Base */ = {isa = PBXFileReference; lastKnownFileType = file.storyboard; name = Base; path = Base.lproj/LaunchScreen.storyboard; sourceTree = "<group>"; };
		9B16392623837B0F0049445B /* Info.plist */ = {isa = PBXFileReference; lastKnownFileType = text.plist.xml; path = Info.plist; sourceTree = "<group>"; };
		9B16393023837FC00049445B /* Accelerate.framework */ = {isa = PBXFileReference; lastKnownFileType = wrapper.framework; name = Accelerate.framework; path = System/Library/Frameworks/Accelerate.framework; sourceTree = SDKROOT; };
		9B1639322383873B0049445B /* LoginViewController.swift */ = {isa = PBXFileReference; lastKnownFileType = sourcecode.swift; path = LoginViewController.swift; sourceTree = "<group>"; };
		C2000D4573C27248F310359C /* Pods_Demo3.framework */ = {isa = PBXFileReference; explicitFileType = wrapper.framework; includeInIndex = 0; path = Pods_Demo3.framework; sourceTree = BUILT_PRODUCTS_DIR; };
		D4132297FBB956775B0B980B /* Pods-Demo3.release.xcconfig */ = {isa = PBXFileReference; includeInIndex = 1; lastKnownFileType = text.xcconfig; name = "Pods-Demo3.release.xcconfig"; path = "Target Support Files/Pods-Demo3/Pods-Demo3.release.xcconfig"; sourceTree = "<group>"; };
/* End PBXFileReference section */

/* Begin PBXFrameworksBuildPhase section */
		9B16391223837B0E0049445B /* Frameworks */ = {
			isa = PBXFrameworksBuildPhase;
			buildActionMask = 2147483647;
			files = (
				9B16392E23837E850049445B /* BuildFile in Frameworks */,
				9B16393123837FC00049445B /* Accelerate.framework in Frameworks */,
				E47F200DDA007438F93F7898 /* Pods_Demo3.framework in Frameworks */,
			);
			runOnlyForDeploymentPostprocessing = 0;
		};
/* End PBXFrameworksBuildPhase section */

/* Begin PBXGroup section */
		9B16390C23837B0E0049445B = {
			isa = PBXGroup;
			children = (
				9B16391723837B0E0049445B /* Demo3 */,
				9B16391623837B0E0049445B /* Products */,
				9B16392F23837FC00049445B /* Frameworks */,
				F0ABC158028887AB5CE68D63 /* Pods */,
			);
			sourceTree = "<group>";
		};
		9B16391623837B0E0049445B /* Products */ = {
			isa = PBXGroup;
			children = (
				9B16391523837B0E0049445B /* Demo3.app */,
			);
			name = Products;
			sourceTree = "<group>";
		};
		9B16391723837B0E0049445B /* Demo3 */ = {
			isa = PBXGroup;
			children = (
				9B16391823837B0E0049445B /* AppDelegate.swift */,
				9B16391A23837B0E0049445B /* SceneDelegate.swift */,
				9B16391C23837B0E0049445B /* ViewController.swift */,
				9B16391E23837B0E0049445B /* Main.storyboard */,
				9B1639322383873B0049445B /* LoginViewController.swift */,
				9B16392123837B0F0049445B /* Assets.xcassets */,
				9B16392323837B0F0049445B /* LaunchScreen.storyboard */,
				9B16392623837B0F0049445B /* Info.plist */,
			);
			path = Demo3;
			sourceTree = "<group>";
		};
		9B16392F23837FC00049445B /* Frameworks */ = {
			isa = PBXGroup;
			children = (
				9B16393023837FC00049445B /* Accelerate.framework */,
				C2000D4573C27248F310359C /* Pods_Demo3.framework */,
			);
			name = Frameworks;
			sourceTree = "<group>";
		};
		F0ABC158028887AB5CE68D63 /* Pods */ = {
			isa = PBXGroup;
			children = (
				8B482E37ABB0D0353C695DE6 /* Pods-Demo3.debug.xcconfig */,
				D4132297FBB956775B0B980B /* Pods-Demo3.release.xcconfig */,
			);
			name = Pods;
			path = Pods;
			sourceTree = "<group>";
		};
/* End PBXGroup section */

/* Begin PBXNativeTarget section */
		9B16391423837B0E0049445B /* Demo3 */ = {
			isa = PBXNativeTarget;
			buildConfigurationList = 9B16392923837B0F0049445B /* Build configuration list for PBXNativeTarget "Demo3" */;
			buildPhases = (
				E4B67EC7CB270A15F3975048 /* [CP] Check Pods Manifest.lock */,
				9B16391123837B0E0049445B /* Sources */,
				9B16391223837B0E0049445B /* Frameworks */,
				9B16391323837B0E0049445B /* Resources */,
				A5AA8680826DA153C6DE00B9 /* [CP] Embed Pods Frameworks */,
			);
			buildRules = (
			);
			dependencies = (
			);
			name = Demo3;
			packageProductDependencies = (
				9B16392D23837E850049445B /* SwiftPackageProductDependency */,
			);
			productName = Demo3;
			productReference = 9B16391523837B0E0049445B /* Demo3.app */;
			productType = "com.apple.product-type.application";
		};
/* End PBXNativeTarget section */

/* Begin PBXProject section */
		9B16390D23837B0E0049445B /* Project object */ = {
			isa = PBXProject;
			attributes = {
				LastSwiftUpdateCheck = 1120;
				LastUpgradeCheck = 1120;
				ORGANIZATIONNAME = "SHIH-YING PAN";
				TargetAttributes = {
					9B16391423837B0E0049445B = {
						CreatedOnToolsVersion = 11.2;
					};
				};
			};
			buildConfigurationList = 9B16391023837B0E0049445B /* Build configuration list for PBXProject "Demo3" */;
			compatibilityVersion = "Xcode 9.3";
			developmentRegion = en;
			hasScannedForEncodings = 0;
			knownRegions = (
				en,
				Base,
			);
			mainGroup = 9B16390C23837B0E0049445B;
			packageReferences = (
				9B16392C23837E850049445B /* RemoteSwiftPackageReference */,
			);
			productRefGroup = 9B16391623837B0E0049445B /* Products */;
			projectDirPath = "";
			projectRoot = "";
			targets = (
				9B16391423837B0E0049445B /* Demo3 */,
			);
		};
/* End PBXProject section */

/* Begin PBXResourcesBuildPhase section */
		9B16391323837B0E0049445B /* Resources */ = {
			isa = PBXResourcesBuildPhase;
			buildActionMask = 2147483647;
			files = (
				9B16392523837B0F0049445B /* LaunchScreen.storyboard in Resources */,
				9B16392223837B0F0049445B /* Assets.xcassets in Resources */,
				9B16392023837B0E0049445B /* Main.storyboard in Resources */,
			);
			runOnlyForDeploymentPostprocessing = 0;
		};
/* End PBXResourcesBuildPhase section */

/* Begin PBXShellScriptBuildPhase section */
		A5AA8680826DA153C6DE00B9 /* [CP] Embed Pods Frameworks */ = {
			isa = PBXShellScriptBuildPhase;
			buildActionMask = 2147483647;
			files = (
			);
			inputFileListPaths = (
				"${PODS_ROOT}/Target Support Files/Pods-Demo3/Pods-Demo3-frameworks-${CONFIGURATION}-input-files.xcfilelist",
			);
			name = "[CP] Embed Pods Frameworks";
			outputFileListPaths = (
				"${PODS_ROOT}/Target Support Files/Pods-Demo3/Pods-Demo3-frameworks-${CONFIGURATION}-output-files.xcfilelist",
			);
			runOnlyForDeploymentPostprocessing = 0;
			shellPath = /bin/sh;
			shellScript = "\"${PODS_ROOT}/Target Support Files/Pods-Demo3/Pods-Demo3-frameworks.sh\"\n";
			showEnvVarsInLog = 0;
		};
		E4B67EC7CB270A15F3975048 /* [CP] Check Pods Manifest.lock */ = {
			isa = PBXShellScriptBuildPhase;
			buildActionMask = 2147483647;
			files = (
			);
			inputFileListPaths = (
			);
			inputPaths = (
				"${PODS_PODFILE_DIR_PATH}/Podfile.lock",
				"${PODS_ROOT}/Manifest.lock",
			);
			name = "[CP] Check Pods Manifest.lock";
			outputFileListPaths = (
			);
			outputPaths = (
				"$(DERIVED_FILE_DIR)/Pods-Demo3-checkManifestLockResult.txt",
			);
			runOnlyForDeploymentPostprocessing = 0;
			shellPath = /bin/sh;
			shellScript = "diff \"${PODS_PODFILE_DIR_PATH}/Podfile.lock\" \"${PODS_ROOT}/Manifest.lock\" > /dev/null\nif [ $? != 0 ] ; then\n    # print error to STDERR\n    echo \"error: The sandbox is not in sync with the Podfile.lock. Run 'pod install' or update your CocoaPods installation.\" >&2\n    exit 1\nfi\n# This output is used by Xcode 'outputs' to avoid re-running this script phase.\necho \"SUCCESS\" > \"${SCRIPT_OUTPUT_FILE_0}\"\n";
			showEnvVarsInLog = 0;
		};
/* End PBXShellScriptBuildPhase section */

/* Begin PBXSourcesBuildPhase section */
		9B16391123837B0E0049445B /* Sources */ = {
			isa = PBXSourcesBuildPhase;
			buildActionMask = 2147483647;
			files = (
				9B1639332383873B0049445B /* LoginViewController.swift in Sources */,
				9B16391D23837B0E0049445B /* ViewController.swift in Sources */,
				9B16391923837B0E0049445B /* AppDelegate.swift in Sources */,
				9B16391B23837B0E0049445B /* SceneDelegate.swift in Sources */,
			);
			runOnlyForDeploymentPostprocessing = 0;
		};
/* End PBXSourcesBuildPhase section */

/* Begin PBXVariantGroup section */
		9B16391E23837B0E0049445B /* Main.storyboard */ = {
			isa = PBXVariantGroup;
			children = (
				9B16391F23837B0E0049445B /* Base */,
			);
			name = Main.storyboard;
			sourceTree = "<group>";
		};
		9B16392323837B0F0049445B /* LaunchScreen.storyboard */ = {
			isa = PBXVariantGroup;
			children = (
				9B16392423837B0F0049445B /* Base */,
			);
			name = LaunchScreen.storyboard;
			sourceTree = "<group>";
		};
/* End PBXVariantGroup section */

/* Begin XCBuildConfiguration section */
		9B16392723837B0F0049445B /* Debug */ = {
			isa = XCBuildConfiguration;
			buildSettings = {
				ALWAYS_SEARCH_USER_PATHS = NO;
				CLANG_ANALYZER_NONNULL = YES;
				CLANG_ANALYZER_NUMBER_OBJECT_CONVERSION = YES_AGGRESSIVE;
				CLANG_CXX_LANGUAGE_STANDARD = "gnu++14";
				CLANG_CXX_LIBRARY = "libc++";
				CLANG_ENABLE_MODULES = YES;
				CLANG_ENABLE_OBJC_ARC = YES;
				CLANG_ENABLE_OBJC_WEAK = YES;
				CLANG_WARN_BLOCK_CAPTURE_AUTORELEASING = YES;
				CLANG_WARN_BOOL_CONVERSION = YES;
				CLANG_WARN_COMMA = YES;
				CLANG_WARN_CONSTANT_CONVERSION = YES;
				CLANG_WARN_DEPRECATED_OBJC_IMPLEMENTATIONS = YES;
				CLANG_WARN_DIRECT_OBJC_ISA_USAGE = YES_ERROR;
				CLANG_WARN_DOCUMENTATION_COMMENTS = YES;
				CLANG_WARN_EMPTY_BODY = YES;
				CLANG_WARN_ENUM_CONVERSION = YES;
				CLANG_WARN_INFINITE_RECURSION = YES;
				CLANG_WARN_INT_CONVERSION = YES;
				CLANG_WARN_NON_LITERAL_NULL_CONVERSION = YES;
				CLANG_WARN_OBJC_IMPLICIT_RETAIN_SELF = YES;
				CLANG_WARN_OBJC_LITERAL_CONVERSION = YES;
				CLANG_WARN_OBJC_ROOT_CLASS = YES_ERROR;
				CLANG_WARN_RANGE_LOOP_ANALYSIS = YES;
				CLANG_WARN_STRICT_PROTOTYPES = YES;
				CLANG_WARN_SUSPICIOUS_MOVE = YES;
				CLANG_WARN_UNGUARDED_AVAILABILITY = YES_AGGRESSIVE;
				CLANG_WARN_UNREACHABLE_CODE = YES;
				CLANG_WARN__DUPLICATE_METHOD_MATCH = YES;
				COPY_PHASE_STRIP = NO;
				DEBUG_INFORMATION_FORMAT = dwarf;
				ENABLE_STRICT_OBJC_MSGSEND = YES;
				ENABLE_TESTABILITY = YES;
				GCC_C_LANGUAGE_STANDARD = gnu11;
				GCC_DYNAMIC_NO_PIC = NO;
				GCC_NO_COMMON_BLOCKS = YES;
				GCC_OPTIMIZATION_LEVEL = 0;
				GCC_PREPROCESSOR_DEFINITIONS = (
					"DEBUG=1",
					"$(inherited)",
				);
				GCC_WARN_64_TO_32_BIT_CONVERSION = YES;
				GCC_WARN_ABOUT_RETURN_TYPE = YES_ERROR;
				GCC_WARN_UNDECLARED_SELECTOR = YES;
				GCC_WARN_UNINITIALIZED_AUTOS = YES_AGGRESSIVE;
				GCC_WARN_UNUSED_FUNCTION = YES;
				GCC_WARN_UNUSED_VARIABLE = YES;
				IPHONEOS_DEPLOYMENT_TARGET = 13.2;
				MTL_ENABLE_DEBUG_INFO = INCLUDE_SOURCE;
				MTL_FAST_MATH = YES;
				ONLY_ACTIVE_ARCH = YES;
				SDKROOT = iphoneos;
				SWIFT_ACTIVE_COMPILATION_CONDITIONS = DEBUG;
				SWIFT_OPTIMIZATION_LEVEL = "-Onone";
			};
			name = Debug;
		};
		9B16392823837B0F0049445B /* Release */ = {
			isa = XCBuildConfiguration;
			buildSettings = {
				ALWAYS_SEARCH_USER_PATHS = NO;
				CLANG_ANALYZER_NONNULL = YES;
				CLANG_ANALYZER_NUMBER_OBJECT_CONVERSION = YES_AGGRESSIVE;
				CLANG_CXX_LANGUAGE_STANDARD = "gnu++14";
				CLANG_CXX_LIBRARY = "libc++";
				CLANG_ENABLE_MODULES = YES;
				CLANG_ENABLE_OBJC_ARC = YES;
				CLANG_ENABLE_OBJC_WEAK = YES;
				CLANG_WARN_BLOCK_CAPTURE_AUTORELEASING = YES;
				CLANG_WARN_BOOL_CONVERSION = YES;
				CLANG_WARN_COMMA = YES;
				CLANG_WARN_CONSTANT_CONVERSION = YES;
				CLANG_WARN_DEPRECATED_OBJC_IMPLEMENTATIONS = YES;
				CLANG_WARN_DIRECT_OBJC_ISA_USAGE = YES_ERROR;
				CLANG_WARN_DOCUMENTATION_COMMENTS = YES;
				CLANG_WARN_EMPTY_BODY = YES;
				CLANG_WARN_ENUM_CONVERSION = YES;
				CLANG_WARN_INFINITE_RECURSION = YES;
				CLANG_WARN_INT_CONVERSION = YES;
				CLANG_WARN_NON_LITERAL_NULL_CONVERSION = YES;
				CLANG_WARN_OBJC_IMPLICIT_RETAIN_SELF = YES;
				CLANG_WARN_OBJC_LITERAL_CONVERSION = YES;
				CLANG_WARN_OBJC_ROOT_CLASS = YES_ERROR;
				CLANG_WARN_RANGE_LOOP_ANALYSIS = YES;
				CLANG_WARN_STRICT_PROTOTYPES = YES;
				CLANG_WARN_SUSPICIOUS_MOVE = YES;
				CLANG_WARN_UNGUARDED_AVAILABILITY = YES_AGGRESSIVE;
				CLANG_WARN_UNREACHABLE_CODE = YES;
				CLANG_WARN__DUPLICATE_METHOD_MATCH = YES;
				COPY_PHASE_STRIP = NO;
				DEBUG_INFORMATION_FORMAT = "dwarf-with-dsym";
				ENABLE_NS_ASSERTIONS = NO;
				ENABLE_STRICT_OBJC_MSGSEND = YES;
				GCC_C_LANGUAGE_STANDARD = gnu11;
				GCC_NO_COMMON_BLOCKS = YES;
				GCC_WARN_64_TO_32_BIT_CONVERSION = YES;
				GCC_WARN_ABOUT_RETURN_TYPE = YES_ERROR;
				GCC_WARN_UNDECLARED_SELECTOR = YES;
				GCC_WARN_UNINITIALIZED_AUTOS = YES_AGGRESSIVE;
				GCC_WARN_UNUSED_FUNCTION = YES;
				GCC_WARN_UNUSED_VARIABLE = YES;
				IPHONEOS_DEPLOYMENT_TARGET = 13.2;
				MTL_ENABLE_DEBUG_INFO = NO;
				MTL_FAST_MATH = YES;
				SDKROOT = iphoneos;
				SWIFT_COMPILATION_MODE = wholemodule;
				SWIFT_OPTIMIZATION_LEVEL = "-O";
				VALIDATE_PRODUCT = YES;
			};
			name = Release;
		};
		9B16392A23837B0F0049445B /* Debug */ = {
			isa = XCBuildConfiguration;
			baseConfigurationReference = 8B482E37ABB0D0353C695DE6 /* Pods-Demo3.debug.xcconfig */;
			buildSettings = {
				ASSETCATALOG_COMPILER_APPICON_NAME = AppIcon;
				CODE_SIGN_STYLE = Automatic;
				INFOPLIST_FILE = Demo3/Info.plist;
				LD_RUNPATH_SEARCH_PATHS = (
					"$(inherited)",
					"@executable_path/Frameworks",
				);
				PRODUCT_BUNDLE_IDENTIFIER = com.peter.Demo3;
				PRODUCT_NAME = "$(TARGET_NAME)";
				SWIFT_VERSION = 5.0;
				TARGETED_DEVICE_FAMILY = "1,2";
			};
			name = Debug;
		};
		9B16392B23837B0F0049445B /* Release */ = {
			isa = XCBuildConfiguration;
			baseConfigurationReference = D4132297FBB956775B0B980B /* Pods-Demo3.release.xcconfig */;
			buildSettings = {
				ASSETCATALOG_COMPILER_APPICON_NAME = AppIcon;
				CODE_SIGN_STYLE = Automatic;
				INFOPLIST_FILE = Demo3/Info.plist;
				LD_RUNPATH_SEARCH_PATHS = (
					"$(inherited)",
					"@executable_path/Frameworks",
				);
				PRODUCT_BUNDLE_IDENTIFIER = com.peter.Demo3;
				PRODUCT_NAME = "$(TARGET_NAME)";
				SWIFT_VERSION = 5.0;
				TARGETED_DEVICE_FAMILY = "1,2";
			};
			name = Release;
		};
/* End XCBuildConfiguration section */

/* Begin XCConfigurationList section */
		9B16391023837B0E0049445B /* Build configuration list for PBXProject "Demo3" */ = {
			isa = XCConfigurationList;
			buildConfigurations = (
				9B16392723837B0F0049445B /* Debug */,
				9B16392823837B0F0049445B /* Release */,
			);
			defaultConfigurationIsVisible = 0;
			defaultConfigurationName = Release;
		};
		9B16392923837B0F0049445B /* Build configuration list for PBXNativeTarget "Demo3" */ = {
			isa = XCConfigurationList;
			buildConfigurations = (
				9B16392A23837B0F0049445B /* Debug */,
				9B16392B23837B0F0049445B /* Release */,
			);
			defaultConfigurationIsVisible = 0;
			defaultConfigurationName = Release;
		};
/* End XCConfigurationList section */

/* Begin XCRemoteSwiftPackageReference section */
		9B16392C23837E850049445B /* RemoteSwiftPackageReference */ = {
			isa = XCRemoteSwiftPackageReference;
			repositoryURL = "https://github.com/facebook/facebook-ios-sdk";
			requirement = {
				kind = upToNextMajorVersion;
				minimumVersion = 5.11.0;
			};
		};
/* End XCRemoteSwiftPackageReference section */

/* Begin XCSwiftPackageProductDependency section */
		9B16392D23837E850049445B /* SwiftPackageProductDependency */ = {
			isa = XCSwiftPackageProductDependency;
			package = 9B16392C23837E850049445B /* RemoteSwiftPackageReference */;
			productName = FacebookLogin;
		};
/* End XCSwiftPackageProductDependency section */
	};
	rootObject = 9B16390D23837B0E0049445B /* Project object */;
}
